# Generated by image/build-rootfs.sh — commit this file.
# The control plane's PROTEOS_ROOTFS_REF / the per-machine rootfs_ref pin this image.
image          = proteos-rootfs-ubuntu-24.04-ga9684c30.ext4
sha256         = 07815ab7d080edb94921d55e761eb0a44294fd972617fe22d1965f1bdd7d16ea
base_rootfs    = ubuntu-24.04
guestagent     = ga-9684c30
features       = terminal,persist,resume,providers,claude,git,user,codeserver,node,pi
git_version    = 2.43.0
codeserver_version = 4.124.2
codeserver_sha256  = 44dea689b7b6bb05296c911abd0884b262c604dfdfd796365080479a675ab7d2
claude_version = 2.1.169
claude_sha256  = cf066bf360cbf7b51abeb8cb230012fc0f2fed4253b2ce305de48ccd6d49a39c
node_version   = v24.16.0
node_sha256    = d804845d34eddc21dc1092b519d643ef40b1f58ec5dec5c22b1f4bd8fabde6c9
gemini_version = none
codex_version  = none
pi_version     = 0.79.6
image_size_mib = 2519
build_seconds  = 45
built_at       = 2026-06-17T20:50:36Z
