# Generated by image/build-rootfs.sh — commit this file once baked on a Linux host.
# The control plane's PROTEOS_ROOTFS_REF / the per-machine rootfs_ref pin this image.
#
# This is a placeholder: run image/build-rootfs.sh on the Proxmox host (or any
# Linux box with the pinned Firecracker-CI base ext4) to overwrite it with the
# real sha256 and provenance. Pass --claude-bootstrap (fetch from Anthropic's
# release endpoint) or --claude-binary (air-gapped) to bake the pinned Claude
# Code CLI; claude_version/claude_sha256 then record the exact pin.
#
# Phase 6: pass --gemini / --codex / --pi (each installs latest unless a
# --<name>-version pins it) to bake the Node runtime + the Gemini/Codex/pi.dev
# npm CLIs. The bake fills the *_version fields below with the concrete resolved
# versions (recorded back into image/PROVIDERS.md too).
image          = (not yet built)
sha256         = (not yet built)
base_rootfs    = (pin the Firecracker-CI ubuntu-24.04 ext4)
guestagent     = (ga-<gitshort>)
features       = (terminal,persist,resume,providers[,claude,node,gemini,codex,pi])
claude_version = (none until --claude-binary is passed)
claude_sha256  = (none until --claude-binary is passed)
node_version   = (none until a provider CLI is baked)
node_sha256    = (none until a provider CLI is baked)
gemini_version = (none until --gemini is passed)
codex_version  = (none until --codex is passed)
pi_version     = (none until --pi is passed)
built_at       = (unbuilt)
