# Generated by image/build-rootfs.sh — commit this file once baked on a Linux host.
# The control plane's PROTEOS_ROOTFS_REF / the per-machine rootfs_ref pin this image.
#
# This is a placeholder: run image/build-rootfs.sh on the Proxmox host (or any
# Linux box with the pinned Firecracker-CI base ext4) to overwrite it with the
# real sha256 and provenance. Pass --claude-bootstrap (fetch from Anthropic's
# release endpoint) or --claude-binary (air-gapped) to bake the pinned Claude
# Code CLI; claude_version/claude_sha256 then record the exact pin.
image          = (not yet built)
sha256         = (not yet built)
base_rootfs    = (pin the Firecracker-CI ubuntu-24.04 ext4)
guestagent     = (ga-<gitshort>)
features       = (terminal,persist,resume,providers[,claude])
claude_version = (none until --claude-binary is passed)
claude_sha256  = (none until --claude-binary is passed)
built_at       = (unbuilt)
